{
    "version": 3,
    "terraform_version": "0.11.12",
    "serial": 1,
    "lineage": "bab34bde-6d73-a4a5-892f-87baebeba362",
    "modules": [
        {
            "path": [
                "root"
            ],
            "outputs": {},
            "resources": {
                "aws_cloudwatch_log_group.test": {
                    "type": "aws_cloudwatch_log_group",
                    "depends_on": [],
                    "primary": {
                        "id": "/ecs/test",
                        "attributes": {
                            "arn": "arn:aws:logs:ap-southeast-1:243982910378:log-group:/ecs/test:*",
                            "id": "/ecs/test",
                            "kms_key_id": "",
                            "name": "/ecs/test",
                            "retention_in_days": "0",
                            "tags.%": "0"
                        },
                        "meta": {},
                        "tainted": false
                    },
                    "deposed": [],
                    "provider": "provider.aws"
                }
            },
            "depends_on": []
        }
    ]
}
